
Microsoft Visual Studio Solution File, Format Version 12.00
# Visual Studio Version 16
VisualStudioVersion = 16.0.30413.136
MinimumVisualStudioVersion = 10.0.40219.1
Project("{FAE04EC0-301F-11D3-BF4B-00C04F79EFBC}") = "ProyectoBasedeDatosEF", "ProyectoBasedeDatosEF\ProyectoBasedeDatosEF.csproj", "{AD190F1B-FFD4-4594-A428-E4973271FB2C}"
EndProject
Global
	GlobalSection(SolutionConfigurationPlatforms) = preSolution
		Debug|Any CPU = Debug|Any CPU
		Release|Any CPU = Release|Any CPU
	EndGlobalSection
	GlobalSection(ProjectConfigurationPlatforms) = postSolution
		{AD190F1B-FFD4-4594-A428-E4973271FB2C}.Debug|Any CPU.ActiveCfg = Debug|Any CPU
		{AD190F1B-FFD4-4594-A428-E4973271FB2C}.Debug|Any CPU.Build.0 = Debug|Any CPU
		{AD190F1B-FFD4-4594-A428-E4973271FB2C}.Release|Any CPU.ActiveCfg = Release|Any CPU
		{AD190F1B-FFD4-4594-A428-E4973271FB2C}.Release|Any CPU.Build.0 = Release|Any CPU
	EndGlobalSection
	GlobalSection(SolutionProperties) = preSolution
		HideSolutionNode = FALSE
	EndGlobalSection
	GlobalSection(ExtensibilityGlobals) = postSolution
		SolutionGuid = {C85BDFE7-B7ED-42DF-9E3D-A1DF5E5045DF}
	EndGlobalSection
EndGlobal
